
Microsoft Visual Studio Solution File, Format Version 12.00
# Visual Studio Version 17
VisualStudioVersion = 17.7.34024.191
MinimumVisualStudioVersion = 10.0.40219.1
Project("{FAE04EC0-301F-11D3-BF4B-00C04F79EFBC}") = "BackGrade", "BackGrade\BackGrade.csproj", "{D539FBB7-60C4-4445-8EA9-A01102879ECB}"
EndProject
Global
	GlobalSection(SolutionConfigurationPlatforms) = preSolution
		Debug|Any CPU = Debug|Any CPU
		Release|Any CPU = Release|Any CPU
	EndGlobalSection
	GlobalSection(ProjectConfigurationPlatforms) = postSolution
		{D539FBB7-60C4-4445-8EA9-A01102879ECB}.Debug|Any CPU.ActiveCfg = Debug|Any CPU
		{D539FBB7-60C4-4445-8EA9-A01102879ECB}.Debug|Any CPU.Build.0 = Debug|Any CPU
		{D539FBB7-60C4-4445-8EA9-A01102879ECB}.Release|Any CPU.ActiveCfg = Release|Any CPU
		{D539FBB7-60C4-4445-8EA9-A01102879ECB}.Release|Any CPU.Build.0 = Release|Any CPU
	EndGlobalSection
	GlobalSection(SolutionProperties) = preSolution
		HideSolutionNode = FALSE
	EndGlobalSection
	GlobalSection(ExtensibilityGlobals) = postSolution
		SolutionGuid = {B3274B6A-7856-4532-B62B-444908D3A161}
	EndGlobalSection
EndGlobal
